
Microsoft Visual Studio Solution File, Format Version 12.00
# Visual Studio Version 17
VisualStudioVersion = 17.1.32421.90
MinimumVisualStudioVersion = 10.0.40219.1
Project("{9A19103F-16F7-4668-BE54-9A1E7A4F7556}") = "CandidateFunction", "CandidateFunction.csproj", "{39BE32F1-CF90-4011-9BA4-48418FDD9ADD}"
EndProject
Global
	GlobalSection(SolutionConfigurationPlatforms) = preSolution
		Debug|Any CPU = Debug|Any CPU
		Release|Any CPU = Release|Any CPU
	EndGlobalSection
	GlobalSection(ProjectConfigurationPlatforms) = postSolution
		{39BE32F1-CF90-4011-9BA4-48418FDD9ADD}.Debug|Any CPU.ActiveCfg = Debug|Any CPU
		{39BE32F1-CF90-4011-9BA4-48418FDD9ADD}.Debug|Any CPU.Build.0 = Debug|Any CPU
		{39BE32F1-CF90-4011-9BA4-48418FDD9ADD}.Release|Any CPU.ActiveCfg = Release|Any CPU
		{39BE32F1-CF90-4011-9BA4-48418FDD9ADD}.Release|Any CPU.Build.0 = Release|Any CPU
	EndGlobalSection
	GlobalSection(SolutionProperties) = preSolution
		HideSolutionNode = FALSE
	EndGlobalSection
	GlobalSection(ExtensibilityGlobals) = postSolution
		SolutionGuid = {2A1978EC-F6FB-4080-908F-EA84B4F08C9C}
	EndGlobalSection
EndGlobal
