
Microsoft Visual Studio Solution File, Format Version 12.00
# Visual Studio Version 16
VisualStudioVersion = 16.0.31019.35
MinimumVisualStudioVersion = 10.0.40219.1
Project("{FAE04EC0-301F-11D3-BF4B-00C04F79EFBC}") = "DonarFunctions", "DonarFunctions\DonarFunctions.csproj", "{766C8A56-2A50-4BFB-A296-BAE6D196F842}"
EndProject
Global
	GlobalSection(SolutionConfigurationPlatforms) = preSolution
		Debug|Any CPU = Debug|Any CPU
		Release|Any CPU = Release|Any CPU
	EndGlobalSection
	GlobalSection(ProjectConfigurationPlatforms) = postSolution
		{766C8A56-2A50-4BFB-A296-BAE6D196F842}.Debug|Any CPU.ActiveCfg = Debug|Any CPU
		{766C8A56-2A50-4BFB-A296-BAE6D196F842}.Debug|Any CPU.Build.0 = Debug|Any CPU
		{766C8A56-2A50-4BFB-A296-BAE6D196F842}.Release|Any CPU.ActiveCfg = Release|Any CPU
		{766C8A56-2A50-4BFB-A296-BAE6D196F842}.Release|Any CPU.Build.0 = Release|Any CPU
	EndGlobalSection
	GlobalSection(SolutionProperties) = preSolution
		HideSolutionNode = FALSE
	EndGlobalSection
	GlobalSection(ExtensibilityGlobals) = postSolution
		SolutionGuid = {BBAB8F41-14B9-4D40-AA47-F513259AD219}
	EndGlobalSection
EndGlobal
